
Microsoft Visual Studio Solution File, Format Version 12.00
# Visual Studio Version 17
VisualStudioVersion = 17.12.35527.113
MinimumVisualStudioVersion = 10.0.40219.1
Project("{FAE04EC0-301F-11D3-BF4B-00C04F79EFBC}") = "CampeonatosFIFA.Dominio", "CampeonatosFIFA.Dominio\CampeonatosFIFA.Dominio.csproj", "{F2D2BC05-F5A6-41DF-9EB9-6D5A0AA3C8C9}"
EndProject
Project("{FAE04EC0-301F-11D3-BF4B-00C04F79EFBC}") = "CampeonatosFIFA.Persistencia", "CampeonatosFIFA.Persistencia\CampeonatosFIFA.Persistencia.csproj", "{2AF28FE6-D7F7-450E-A2C7-E79EFB74588F}"
EndProject
Project("{FAE04EC0-301F-11D3-BF4B-00C04F79EFBC}") = "CampeonatoFIFA.Core", "CampeonatoFIFA.Core\CampeonatoFIFA.Core.csproj", "{3E3148AB-98DB-4435-A8A7-F52E5F03EFD3}"
EndProject
Project("{FAE04EC0-301F-11D3-BF4B-00C04F79EFBC}") = "CampeonatosFIFA.Infraestructura.Repositorios", "CampeonatosFIFA.Infraestructura.Repositorios\CampeonatosFIFA.Infraestructura.Repositorios.csproj", "{8C7E4EE6-252F-43DC-B8D7-1978DCE85180}"
EndProject
Project("{FAE04EC0-301F-11D3-BF4B-00C04F79EFBC}") = "CampeonatosFIFA.Aplicacion", "CampeonatosFIFA.Aplicacion\CampeonatosFIFA.Aplicacion.csproj", "{95350512-CF02-4512-907D-07A7208CFB65}"
EndProject
Global
	GlobalSection(SolutionConfigurationPlatforms) = preSolution
		Debug|Any CPU = Debug|Any CPU
		Release|Any CPU = Release|Any CPU
	EndGlobalSection
	GlobalSection(ProjectConfigurationPlatforms) = postSolution
		{F2D2BC05-F5A6-41DF-9EB9-6D5A0AA3C8C9}.Debug|Any CPU.ActiveCfg = Debug|Any CPU
		{F2D2BC05-F5A6-41DF-9EB9-6D5A0AA3C8C9}.Debug|Any CPU.Build.0 = Debug|Any CPU
		{F2D2BC05-F5A6-41DF-9EB9-6D5A0AA3C8C9}.Release|Any CPU.ActiveCfg = Release|Any CPU
		{F2D2BC05-F5A6-41DF-9EB9-6D5A0AA3C8C9}.Release|Any CPU.Build.0 = Release|Any CPU
		{2AF28FE6-D7F7-450E-A2C7-E79EFB74588F}.Debug|Any CPU.ActiveCfg = Debug|Any CPU
		{2AF28FE6-D7F7-450E-A2C7-E79EFB74588F}.Debug|Any CPU.Build.0 = Debug|Any CPU
		{2AF28FE6-D7F7-450E-A2C7-E79EFB74588F}.Release|Any CPU.ActiveCfg = Release|Any CPU
		{2AF28FE6-D7F7-450E-A2C7-E79EFB74588F}.Release|Any CPU.Build.0 = Release|Any CPU
		{3E3148AB-98DB-4435-A8A7-F52E5F03EFD3}.Debug|Any CPU.ActiveCfg = Debug|Any CPU
		{3E3148AB-98DB-4435-A8A7-F52E5F03EFD3}.Debug|Any CPU.Build.0 = Debug|Any CPU
		{3E3148AB-98DB-4435-A8A7-F52E5F03EFD3}.Release|Any CPU.ActiveCfg = Release|Any CPU
		{3E3148AB-98DB-4435-A8A7-F52E5F03EFD3}.Release|Any CPU.Build.0 = Release|Any CPU
		{8C7E4EE6-252F-43DC-B8D7-1978DCE85180}.Debug|Any CPU.ActiveCfg = Debug|Any CPU
		{8C7E4EE6-252F-43DC-B8D7-1978DCE85180}.Debug|Any CPU.Build.0 = Debug|Any CPU
		{8C7E4EE6-252F-43DC-B8D7-1978DCE85180}.Release|Any CPU.ActiveCfg = Release|Any CPU
		{8C7E4EE6-252F-43DC-B8D7-1978DCE85180}.Release|Any CPU.Build.0 = Release|Any CPU
		{95350512-CF02-4512-907D-07A7208CFB65}.Debug|Any CPU.ActiveCfg = Debug|Any CPU
		{95350512-CF02-4512-907D-07A7208CFB65}.Debug|Any CPU.Build.0 = Debug|Any CPU
		{95350512-CF02-4512-907D-07A7208CFB65}.Release|Any CPU.ActiveCfg = Release|Any CPU
		{95350512-CF02-4512-907D-07A7208CFB65}.Release|Any CPU.Build.0 = Release|Any CPU
	EndGlobalSection
	GlobalSection(SolutionProperties) = preSolution
		HideSolutionNode = FALSE
	EndGlobalSection
EndGlobal
